
Microsoft Visual Studio Solution File, Format Version 10.00
# Visual Studio 2008
Project("{8BC9CEB8-8B4A-11D0-8D11-00A0C91BC942}") = "tls", "tls\tls.vcproj", "{7303B8E1-F009-498F-BC6E-5E0DB03E98A7}"
EndProject
Project("{8BC9CEB8-8B4A-11D0-8D11-00A0C91BC942}") = "tls_example", "tls\tls_example.vcproj", "{7B16A444-0FF2-4E43-A72B-ADF0A295655E}"
EndProject
Project("{8BC9CEB8-8B4A-11D0-8D11-00A0C91BC942}") = "dll_smoketest", "tls\dll_smoketest.vcproj", "{91CC4C8E-E134-4701-B97B-2C75849F6D60}"
EndProject
Global
	GlobalSection(SolutionConfigurationPlatforms) = preSolution
		Debug|Pocket PC 2003 (ARMV4) = Debug|Pocket PC 2003 (ARMV4)
		Debug|Windows Mobile 5.0 Pocket PC SDK (ARMV4I) = Debug|Windows Mobile 5.0 Pocket PC SDK (ARMV4I)
		Debug|Windows Mobile 6 Professional SDK (ARMV4I) = Debug|Windows Mobile 6 Professional SDK (ARMV4I)
		Release|Pocket PC 2003 (ARMV4) = Release|Pocket PC 2003 (ARMV4)
		Release|Windows Mobile 5.0 Pocket PC SDK (ARMV4I) = Release|Windows Mobile 5.0 Pocket PC SDK (ARMV4I)
		Release|Windows Mobile 6 Professional SDK (ARMV4I) = Release|Windows Mobile 6 Professional SDK (ARMV4I)
	EndGlobalSection
	GlobalSection(ProjectConfigurationPlatforms) = postSolution
		{7303B8E1-F009-498F-BC6E-5E0DB03E98A7}.Debug|Pocket PC 2003 (ARMV4).ActiveCfg = Debug|Pocket PC 2003 (ARMV4)
		{7303B8E1-F009-498F-BC6E-5E0DB03E98A7}.Debug|Pocket PC 2003 (ARMV4).Build.0 = Debug|Pocket PC 2003 (ARMV4)
		{7303B8E1-F009-498F-BC6E-5E0DB03E98A7}.Debug|Pocket PC 2003 (ARMV4).Deploy.0 = Debug|Pocket PC 2003 (ARMV4)
		{7303B8E1-F009-498F-BC6E-5E0DB03E98A7}.Debug|Windows Mobile 5.0 Pocket PC SDK (ARMV4I).ActiveCfg = Debug|Windows Mobile 5.0 Pocket PC SDK (ARMV4I)
		{7303B8E1-F009-498F-BC6E-5E0DB03E98A7}.Debug|Windows Mobile 5.0 Pocket PC SDK (ARMV4I).Build.0 = Debug|Windows Mobile 5.0 Pocket PC SDK (ARMV4I)
		{7303B8E1-F009-498F-BC6E-5E0DB03E98A7}.Debug|Windows Mobile 5.0 Pocket PC SDK (ARMV4I).Deploy.0 = Debug|Windows Mobile 5.0 Pocket PC SDK (ARMV4I)
		{7303B8E1-F009-498F-BC6E-5E0DB03E98A7}.Debug|Windows Mobile 6 Professional SDK (ARMV4I).ActiveCfg = Debug|Windows Mobile 6 Professional SDK (ARMV4I)
		{7303B8E1-F009-498F-BC6E-5E0DB03E98A7}.Debug|Windows Mobile 6 Professional SDK (ARMV4I).Build.0 = Debug|Windows Mobile 6 Professional SDK (ARMV4I)
		{7303B8E1-F009-498F-BC6E-5E0DB03E98A7}.Debug|Windows Mobile 6 Professional SDK (ARMV4I).Deploy.0 = Debug|Windows Mobile 6 Professional SDK (ARMV4I)
		{7303B8E1-F009-498F-BC6E-5E0DB03E98A7}.Release|Pocket PC 2003 (ARMV4).ActiveCfg = Release|Pocket PC 2003 (ARMV4)
		{7303B8E1-F009-498F-BC6E-5E0DB03E98A7}.Release|Pocket PC 2003 (ARMV4).Build.0 = Release|Pocket PC 2003 (ARMV4)
		{7303B8E1-F009-498F-BC6E-5E0DB03E98A7}.Release|Pocket PC 2003 (ARMV4).Deploy.0 = Release|Pocket PC 2003 (ARMV4)
		{7303B8E1-F009-498F-BC6E-5E0DB03E98A7}.Release|Windows Mobile 5.0 Pocket PC SDK (ARMV4I).ActiveCfg = Release|Windows Mobile 5.0 Pocket PC SDK (ARMV4I)
		{7303B8E1-F009-498F-BC6E-5E0DB03E98A7}.Release|Windows Mobile 5.0 Pocket PC SDK (ARMV4I).Build.0 = Release|Windows Mobile 5.0 Pocket PC SDK (ARMV4I)
		{7303B8E1-F009-498F-BC6E-5E0DB03E98A7}.Release|Windows Mobile 5.0 Pocket PC SDK (ARMV4I).Deploy.0 = Release|Windows Mobile 5.0 Pocket PC SDK (ARMV4I)
		{7303B8E1-F009-498F-BC6E-5E0DB03E98A7}.Release|Windows Mobile 6 Professional SDK (ARMV4I).ActiveCfg = Release|Windows Mobile 6 Professional SDK (ARMV4I)
		{7303B8E1-F009-498F-BC6E-5E0DB03E98A7}.Release|Windows Mobile 6 Professional SDK (ARMV4I).Build.0 = Release|Windows Mobile 6 Professional SDK (ARMV4I)
		{7303B8E1-F009-498F-BC6E-5E0DB03E98A7}.Release|Windows Mobile 6 Professional SDK (ARMV4I).Deploy.0 = Release|Windows Mobile 6 Professional SDK (ARMV4I)
		{7B16A444-0FF2-4E43-A72B-ADF0A295655E}.Debug|Pocket PC 2003 (ARMV4).ActiveCfg = Debug|Pocket PC 2003 (ARMV4)
		{7B16A444-0FF2-4E43-A72B-ADF0A295655E}.Debug|Pocket PC 2003 (ARMV4).Build.0 = Debug|Pocket PC 2003 (ARMV4)
		{7B16A444-0FF2-4E43-A72B-ADF0A295655E}.Debug|Windows Mobile 5.0 Pocket PC SDK (ARMV4I).ActiveCfg = Debug|Windows Mobile 5.0 Pocket PC SDK (ARMV4I)
		{7B16A444-0FF2-4E43-A72B-ADF0A295655E}.Debug|Windows Mobile 5.0 Pocket PC SDK (ARMV4I).Build.0 = Debug|Windows Mobile 5.0 Pocket PC SDK (ARMV4I)
		{7B16A444-0FF2-4E43-A72B-ADF0A295655E}.Debug|Windows Mobile 5.0 Pocket PC SDK (ARMV4I).Deploy.0 = Debug|Windows Mobile 5.0 Pocket PC SDK (ARMV4I)
		{7B16A444-0FF2-4E43-A72B-ADF0A295655E}.Debug|Windows Mobile 6 Professional SDK (ARMV4I).ActiveCfg = Debug|Windows Mobile 6 Professional SDK (ARMV4I)
		{7B16A444-0FF2-4E43-A72B-ADF0A295655E}.Debug|Windows Mobile 6 Professional SDK (ARMV4I).Build.0 = Debug|Windows Mobile 6 Professional SDK (ARMV4I)
		{7B16A444-0FF2-4E43-A72B-ADF0A295655E}.Debug|Windows Mobile 6 Professional SDK (ARMV4I).Deploy.0 = Debug|Windows Mobile 6 Professional SDK (ARMV4I)
		{7B16A444-0FF2-4E43-A72B-ADF0A295655E}.Release|Pocket PC 2003 (ARMV4).ActiveCfg = Release|Pocket PC 2003 (ARMV4)
		{7B16A444-0FF2-4E43-A72B-ADF0A295655E}.Release|Pocket PC 2003 (ARMV4).Build.0 = Release|Pocket PC 2003 (ARMV4)
		{7B16A444-0FF2-4E43-A72B-ADF0A295655E}.Release|Pocket PC 2003 (ARMV4).Deploy.0 = Release|Pocket PC 2003 (ARMV4)
		{7B16A444-0FF2-4E43-A72B-ADF0A295655E}.Release|Windows Mobile 5.0 Pocket PC SDK (ARMV4I).ActiveCfg = Release|Windows Mobile 5.0 Pocket PC SDK (ARMV4I)
		{7B16A444-0FF2-4E43-A72B-ADF0A295655E}.Release|Windows Mobile 5.0 Pocket PC SDK (ARMV4I).Build.0 = Release|Windows Mobile 5.0 Pocket PC SDK (ARMV4I)
		{7B16A444-0FF2-4E43-A72B-ADF0A295655E}.Release|Windows Mobile 5.0 Pocket PC SDK (ARMV4I).Deploy.0 = Release|Windows Mobile 5.0 Pocket PC SDK (ARMV4I)
		{7B16A444-0FF2-4E43-A72B-ADF0A295655E}.Release|Windows Mobile 6 Professional SDK (ARMV4I).ActiveCfg = Release|Windows Mobile 6 Professional SDK (ARMV4I)
		{7B16A444-0FF2-4E43-A72B-ADF0A295655E}.Release|Windows Mobile 6 Professional SDK (ARMV4I).Build.0 = Release|Windows Mobile 6 Professional SDK (ARMV4I)
		{7B16A444-0FF2-4E43-A72B-ADF0A295655E}.Release|Windows Mobile 6 Professional SDK (ARMV4I).Deploy.0 = Release|Windows Mobile 6 Professional SDK (ARMV4I)
		{91CC4C8E-E134-4701-B97B-2C75849F6D60}.Debug|Pocket PC 2003 (ARMV4).ActiveCfg = Debug|Pocket PC 2003 (ARMV4)
		{91CC4C8E-E134-4701-B97B-2C75849F6D60}.Debug|Pocket PC 2003 (ARMV4).Build.0 = Debug|Pocket PC 2003 (ARMV4)
		{91CC4C8E-E134-4701-B97B-2C75849F6D60}.Debug|Pocket PC 2003 (ARMV4).Deploy.0 = Debug|Pocket PC 2003 (ARMV4)
		{91CC4C8E-E134-4701-B97B-2C75849F6D60}.Debug|Pocket PC 2003 (x86).ActiveCfg = Debug|Pocket PC 2003 (x86)
		{91CC4C8E-E134-4701-B97B-2C75849F6D60}.Debug|Pocket PC 2003 (x86).Build.0 = Debug|Pocket PC 2003 (x86)
		{91CC4C8E-E134-4701-B97B-2C75849F6D60}.Debug|Pocket PC 2003 (x86).Deploy.0 = Debug|Pocket PC 2003 (x86)
		{91CC4C8E-E134-4701-B97B-2C75849F6D60}.Debug|Windows Mobile 5.0 Pocket PC SDK (ARMV4I).ActiveCfg = Debug|Windows Mobile 5.0 Pocket PC SDK (ARMV4I)
		{91CC4C8E-E134-4701-B97B-2C75849F6D60}.Debug|Windows Mobile 5.0 Pocket PC SDK (ARMV4I).Build.0 = Debug|Windows Mobile 5.0 Pocket PC SDK (ARMV4I)
		{91CC4C8E-E134-4701-B97B-2C75849F6D60}.Debug|Windows Mobile 5.0 Pocket PC SDK (ARMV4I).Deploy.0 = Debug|Windows Mobile 5.0 Pocket PC SDK (ARMV4I)
		{91CC4C8E-E134-4701-B97B-2C75849F6D60}.Debug|Windows Mobile 6 Professional SDK (ARMV4I).ActiveCfg = Debug|Windows Mobile 6 Professional SDK (ARMV4I)
		{91CC4C8E-E134-4701-B97B-2C75849F6D60}.Debug|Windows Mobile 6 Professional SDK (ARMV4I).Build.0 = Debug|Windows Mobile 6 Professional SDK (ARMV4I)
		{91CC4C8E-E134-4701-B97B-2C75849F6D60}.Debug|Windows Mobile 6 Professional SDK (ARMV4I).Deploy.0 = Debug|Windows Mobile 6 Professional SDK (ARMV4I)
		{91CC4C8E-E134-4701-B97B-2C75849F6D60}.Release|Pocket PC 2003 (ARMV4).ActiveCfg = Release|Pocket PC 2003 (ARMV4)
		{91CC4C8E-E134-4701-B97B-2C75849F6D60}.Release|Pocket PC 2003 (ARMV4).Build.0 = Release|Pocket PC 2003 (ARMV4)
		{91CC4C8E-E134-4701-B97B-2C75849F6D60}.Release|Pocket PC 2003 (ARMV4).Deploy.0 = Release|Pocket PC 2003 (ARMV4)
		{91CC4C8E-E134-4701-B97B-2C75849F6D60}.Release|Pocket PC 2003 (x86).ActiveCfg = Release|Pocket PC 2003 (x86)
		{91CC4C8E-E134-4701-B97B-2C75849F6D60}.Release|Pocket PC 2003 (x86).Build.0 = Release|Pocket PC 2003 (x86)
		{91CC4C8E-E134-4701-B97B-2C75849F6D60}.Release|Pocket PC 2003 (x86).Deploy.0 = Release|Pocket PC 2003 (x86)
		{91CC4C8E-E134-4701-B97B-2C75849F6D60}.Release|Windows Mobile 5.0 Pocket PC SDK (ARMV4I).ActiveCfg = Release|Windows Mobile 5.0 Pocket PC SDK (ARMV4I)
		{91CC4C8E-E134-4701-B97B-2C75849F6D60}.Release|Windows Mobile 5.0 Pocket PC SDK (ARMV4I).Build.0 = Release|Windows Mobile 5.0 Pocket PC SDK (ARMV4I)
		{91CC4C8E-E134-4701-B97B-2C75849F6D60}.Release|Windows Mobile 5.0 Pocket PC SDK (ARMV4I).Deploy.0 = Release|Windows Mobile 5.0 Pocket PC SDK (ARMV4I)
		{91CC4C8E-E134-4701-B97B-2C75849F6D60}.Release|Windows Mobile 6 Professional SDK (ARMV4I).ActiveCfg = Release|Windows Mobile 6 Professional SDK (ARMV4I)
		{91CC4C8E-E134-4701-B97B-2C75849F6D60}.Release|Windows Mobile 6 Professional SDK (ARMV4I).Build.0 = Release|Windows Mobile 6 Professional SDK (ARMV4I)
		{91CC4C8E-E134-4701-B97B-2C75849F6D60}.Release|Windows Mobile 6 Professional SDK (ARMV4I).Deploy.0 = Release|Windows Mobile 6 Professional SDK (ARMV4I)
	EndGlobalSection
	GlobalSection(SolutionProperties) = preSolution
		HideSolutionNode = FALSE
	EndGlobalSection
EndGlobal
